
Microsoft Visual Studio Solution File, Format Version 12.00
# Visual Studio Version 17
VisualStudioVersion = 17.12.35527.113
MinimumVisualStudioVersion = 10.0.40219.1
Project("{2150E333-8FDC-42A3-9474-1A3956D46DE8}") = "DataBase", "DataBase", "{EFBDD0B4-49A6-4515-A64D-568F4139741F}"
EndProject
Project("{2150E333-8FDC-42A3-9474-1A3956D46DE8}") = "Shell", "Shell", "{4832C79A-D322-4927-A79B-DF3B61B32A8D}"
EndProject
Project("{2150E333-8FDC-42A3-9474-1A3956D46DE8}") = "Modules", "Modules", "{B5351A3A-7762-4C7E-B1E6-BB9F495212D0}"
EndProject
Project("{FAE04EC0-301F-11D3-BF4B-00C04F79EFBC}") = "KinopoiskGame", "Shell\KinopoiskGame\KinopoiskGame.csproj", "{7A09C1E1-504B-420D-B9A1-28145B9ED52C}"
EndProject
Project("{FAE04EC0-301F-11D3-BF4B-00C04F79EFBC}") = "FilmsDB.Domain", "Modules\DataBase\FilmesDB.Domain\FilmsDB.Domain.csproj", "{9AED9A63-C743-4DB5-B9B5-D4D29E855D32}"
EndProject
Project("{FAE04EC0-301F-11D3-BF4B-00C04F79EFBC}") = "FilmsDB.Infrastructure", "Modules\DataBase\FilmesDB.Infrastructure\FilmsDB.Infrastructure.csproj", "{35BF926F-B60B-4F13-B982-F98063017EFD}"
EndProject
Project("{FAE04EC0-301F-11D3-BF4B-00C04F79EFBC}") = "FilmsDB.Infrastructure.Interfaces", "Modules\DataBase\FilmesDB.Infrastructure.Interfaces\FilmsDB.Infrastructure.Interfaces.csproj", "{3F4E33DD-DABD-4572-AF2C-9F8D736A4140}"
EndProject
Project("{FAE04EC0-301F-11D3-BF4B-00C04F79EFBC}") = "FilmsDB.Module", "Modules\DataBase\FilmesDB.Module\FilmsDB.Module.csproj", "{1261937C-65A8-4FEC-8B2D-24E3DF3EB57E}"
EndProject
Project("{2150E333-8FDC-42A3-9474-1A3956D46DE8}") = "Common", "Common", "{9C6E0044-B8E3-4311-A7A1-0F5F96A26F75}"
EndProject
Project("{FAE04EC0-301F-11D3-BF4B-00C04F79EFBC}") = "Common.Core", "Common\Common.Core\Common.Core.csproj", "{08BF813B-B18E-4552-9720-DB65CE7DCC29}"
EndProject
Project("{FAE04EC0-301F-11D3-BF4B-00C04F79EFBC}") = "Common.Resources", "Common\Common.Resources\Common.Resources.csproj", "{80F80187-532E-47FB-A2E7-D46A08376ED3}"
EndProject
Project("{FAE04EC0-301F-11D3-BF4B-00C04F79EFBC}") = "Common.Ui", "Common\Common.Ui\Common.Ui.csproj", "{85FCEE69-8475-487A-B311-B352F1DE107C}"
EndProject
Project("{FAE04EC0-301F-11D3-BF4B-00C04F79EFBC}") = "Common.Extensions", "Common\Extensions\Common.Extensions\Common.Extensions.csproj", "{EF1F7F80-202B-4094-A951-C91038994697}"
EndProject
Project("{FAE04EC0-301F-11D3-BF4B-00C04F79EFBC}") = "FilmsDB.Ui", "Modules\DataBase\FilmsDB.Ui\FilmsDB.Ui.csproj", "{0746C0A7-194B-4553-A43E-815E12ECB05D}"
EndProject
Project("{2150E333-8FDC-42A3-9474-1A3956D46DE8}") = "AppModules", "AppModules", "{43598547-5FD5-4C29-B0C2-6E418B022B69}"
EndProject
Project("{2150E333-8FDC-42A3-9474-1A3956D46DE8}") = "Confirmation", "Confirmation", "{423E65EF-BD12-4156-A7E1-8F6DD0207F54}"
EndProject
Project("{2150E333-8FDC-42A3-9474-1A3956D46DE8}") = "Infrastructure", "Infrastructure", "{A3043660-C786-494F-971D-99F42A7D1770}"
EndProject
Project("{2150E333-8FDC-42A3-9474-1A3956D46DE8}") = "Notification", "Notification", "{566F2E62-7A97-4FF4-9622-218737FEBFA0}"
EndProject
Project("{FAE04EC0-301F-11D3-BF4B-00C04F79EFBC}") = "Confirmation.Module", "Modules\AppModules\Confirmation\Confirmation.Module\Confirmation.Module.csproj", "{5E005D35-975A-467E-98F4-ADD917944471}"
EndProject
Project("{FAE04EC0-301F-11D3-BF4B-00C04F79EFBC}") = "Infrastructure.Domain", "Modules\AppModules\Infrastructure\Infrastructure.Domain\Infrastructure.Domain.csproj", "{370B9421-2039-4A67-86ED-7F8FCE71D4C0}"
EndProject
Project("{FAE04EC0-301F-11D3-BF4B-00C04F79EFBC}") = "Infrastructure.Environment", "Modules\AppModules\Infrastructure\Infrastructure.Environment\Infrastructure.Environment.csproj", "{307C9362-7746-4270-A65E-13853FA40344}"
EndProject
Project("{FAE04EC0-301F-11D3-BF4B-00C04F79EFBC}") = "Infrastructure.Interfaces", "Modules\AppModules\Infrastructure\Infrastructure.Interfaces\Infrastructure.Interfaces.csproj", "{A9C0E511-5C8E-4C69-92D8-D756211CA037}"
EndProject
Project("{FAE04EC0-301F-11D3-BF4B-00C04F79EFBC}") = "Infrastructure.Module", "Modules\AppModules\Infrastructure\Infrastructure.Module\Infrastructure.Module.csproj", "{A56C7125-9EF2-49BF-B2AB-6181A467DDEA}"
EndProject
Project("{FAE04EC0-301F-11D3-BF4B-00C04F79EFBC}") = "Infrastructure.Ui", "Modules\AppModules\Infrastructure\Infrastructure.Ui\Infrastructure.Ui.csproj", "{E24A0F0E-EE67-4D9F-A1F5-0B390127CBBE}"
EndProject
Project("{FAE04EC0-301F-11D3-BF4B-00C04F79EFBC}") = "Notification.Module", "Modules\AppModules\Notification\Notification.Module\Notification.Module.csproj", "{C6B55D85-5FF3-4549-B8AA-1DF48A2E3038}"
EndProject
Project("{2150E333-8FDC-42A3-9474-1A3956D46DE8}") = "Games", "Games", "{B4D6A6CD-1052-4326-A2DA-7102959C0160}"
EndProject
Project("{FAE04EC0-301F-11D3-BF4B-00C04F79EFBC}") = "Game.Infrastructure.Interfaces", "Modules\Games\Game.Infrastructure.Interfaces\Game.Infrastructure.Interfaces.csproj", "{BD58AFF1-3B1C-42BE-A794-B924975C1BD4}"
EndProject
Project("{FAE04EC0-301F-11D3-BF4B-00C04F79EFBC}") = "Game.Infrastructure", "Modules\Games\Game.Infrastructure\Game.Infrastructure.csproj", "{3B1CBE2D-29FC-49C1-8F28-37822A293669}"
EndProject
Project("{FAE04EC0-301F-11D3-BF4B-00C04F79EFBC}") = "Game.Module", "Modules\Games\Game.Module\Game.Module.csproj", "{6A3245FD-FA83-45A2-89FC-AB3D354FA9AF}"
EndProject
Project("{FAE04EC0-301F-11D3-BF4B-00C04F79EFBC}") = "Game.Domain", "Modules\Games\Game.Domain\Game.Domain.csproj", "{58860145-2FF1-4E80-BF68-37207D909EEC}"
EndProject
Project("{FAE04EC0-301F-11D3-BF4B-00C04F79EFBC}") = "Game.Ui", "Modules\Games\Game.Ui\Game.Ui.csproj", "{8D2250CA-3962-487E-AB89-E130177D0E26}"
EndProject
Global
	GlobalSection(SolutionConfigurationPlatforms) = preSolution
		Debug|Any CPU = Debug|Any CPU
		Release|Any CPU = Release|Any CPU
	EndGlobalSection
	GlobalSection(ProjectConfigurationPlatforms) = postSolution
		{7A09C1E1-504B-420D-B9A1-28145B9ED52C}.Debug|Any CPU.ActiveCfg = Debug|Any CPU
		{7A09C1E1-504B-420D-B9A1-28145B9ED52C}.Debug|Any CPU.Build.0 = Debug|Any CPU
		{7A09C1E1-504B-420D-B9A1-28145B9ED52C}.Release|Any CPU.ActiveCfg = Release|Any CPU
		{7A09C1E1-504B-420D-B9A1-28145B9ED52C}.Release|Any CPU.Build.0 = Release|Any CPU
		{9AED9A63-C743-4DB5-B9B5-D4D29E855D32}.Debug|Any CPU.ActiveCfg = Debug|Any CPU
		{9AED9A63-C743-4DB5-B9B5-D4D29E855D32}.Debug|Any CPU.Build.0 = Debug|Any CPU
		{9AED9A63-C743-4DB5-B9B5-D4D29E855D32}.Release|Any CPU.ActiveCfg = Release|Any CPU
		{9AED9A63-C743-4DB5-B9B5-D4D29E855D32}.Release|Any CPU.Build.0 = Release|Any CPU
		{35BF926F-B60B-4F13-B982-F98063017EFD}.Debug|Any CPU.ActiveCfg = Debug|Any CPU
		{35BF926F-B60B-4F13-B982-F98063017EFD}.Debug|Any CPU.Build.0 = Debug|Any CPU
		{35BF926F-B60B-4F13-B982-F98063017EFD}.Release|Any CPU.ActiveCfg = Release|Any CPU
		{35BF926F-B60B-4F13-B982-F98063017EFD}.Release|Any CPU.Build.0 = Release|Any CPU
		{3F4E33DD-DABD-4572-AF2C-9F8D736A4140}.Debug|Any CPU.ActiveCfg = Debug|Any CPU
		{3F4E33DD-DABD-4572-AF2C-9F8D736A4140}.Debug|Any CPU.Build.0 = Debug|Any CPU
		{3F4E33DD-DABD-4572-AF2C-9F8D736A4140}.Release|Any CPU.ActiveCfg = Release|Any CPU
		{3F4E33DD-DABD-4572-AF2C-9F8D736A4140}.Release|Any CPU.Build.0 = Release|Any CPU
		{1261937C-65A8-4FEC-8B2D-24E3DF3EB57E}.Debug|Any CPU.ActiveCfg = Debug|Any CPU
		{1261937C-65A8-4FEC-8B2D-24E3DF3EB57E}.Debug|Any CPU.Build.0 = Debug|Any CPU
		{1261937C-65A8-4FEC-8B2D-24E3DF3EB57E}.Release|Any CPU.ActiveCfg = Release|Any CPU
		{1261937C-65A8-4FEC-8B2D-24E3DF3EB57E}.Release|Any CPU.Build.0 = Release|Any CPU
		{08BF813B-B18E-4552-9720-DB65CE7DCC29}.Debug|Any CPU.ActiveCfg = Debug|Any CPU
		{08BF813B-B18E-4552-9720-DB65CE7DCC29}.Debug|Any CPU.Build.0 = Debug|Any CPU
		{08BF813B-B18E-4552-9720-DB65CE7DCC29}.Release|Any CPU.ActiveCfg = Release|Any CPU
		{08BF813B-B18E-4552-9720-DB65CE7DCC29}.Release|Any CPU.Build.0 = Release|Any CPU
		{80F80187-532E-47FB-A2E7-D46A08376ED3}.Debug|Any CPU.ActiveCfg = Debug|Any CPU
		{80F80187-532E-47FB-A2E7-D46A08376ED3}.Debug|Any CPU.Build.0 = Debug|Any CPU
		{80F80187-532E-47FB-A2E7-D46A08376ED3}.Release|Any CPU.ActiveCfg = Release|Any CPU
		{80F80187-532E-47FB-A2E7-D46A08376ED3}.Release|Any CPU.Build.0 = Release|Any CPU
		{85FCEE69-8475-487A-B311-B352F1DE107C}.Debug|Any CPU.ActiveCfg = Debug|Any CPU
		{85FCEE69-8475-487A-B311-B352F1DE107C}.Debug|Any CPU.Build.0 = Debug|Any CPU
		{85FCEE69-8475-487A-B311-B352F1DE107C}.Release|Any CPU.ActiveCfg = Release|Any CPU
		{85FCEE69-8475-487A-B311-B352F1DE107C}.Release|Any CPU.Build.0 = Release|Any CPU
		{EF1F7F80-202B-4094-A951-C91038994697}.Debug|Any CPU.ActiveCfg = Debug|Any CPU
		{EF1F7F80-202B-4094-A951-C91038994697}.Debug|Any CPU.Build.0 = Debug|Any CPU
		{EF1F7F80-202B-4094-A951-C91038994697}.Release|Any CPU.ActiveCfg = Release|Any CPU
		{EF1F7F80-202B-4094-A951-C91038994697}.Release|Any CPU.Build.0 = Release|Any CPU
		{0746C0A7-194B-4553-A43E-815E12ECB05D}.Debug|Any CPU.ActiveCfg = Debug|Any CPU
		{0746C0A7-194B-4553-A43E-815E12ECB05D}.Debug|Any CPU.Build.0 = Debug|Any CPU
		{0746C0A7-194B-4553-A43E-815E12ECB05D}.Release|Any CPU.ActiveCfg = Release|Any CPU
		{0746C0A7-194B-4553-A43E-815E12ECB05D}.Release|Any CPU.Build.0 = Release|Any CPU
		{5E005D35-975A-467E-98F4-ADD917944471}.Debug|Any CPU.ActiveCfg = Debug|Any CPU
		{5E005D35-975A-467E-98F4-ADD917944471}.Debug|Any CPU.Build.0 = Debug|Any CPU
		{5E005D35-975A-467E-98F4-ADD917944471}.Release|Any CPU.ActiveCfg = Release|Any CPU
		{5E005D35-975A-467E-98F4-ADD917944471}.Release|Any CPU.Build.0 = Release|Any CPU
		{370B9421-2039-4A67-86ED-7F8FCE71D4C0}.Debug|Any CPU.ActiveCfg = Debug|Any CPU
		{370B9421-2039-4A67-86ED-7F8FCE71D4C0}.Debug|Any CPU.Build.0 = Debug|Any CPU
		{370B9421-2039-4A67-86ED-7F8FCE71D4C0}.Release|Any CPU.ActiveCfg = Release|Any CPU
		{370B9421-2039-4A67-86ED-7F8FCE71D4C0}.Release|Any CPU.Build.0 = Release|Any CPU
		{307C9362-7746-4270-A65E-13853FA40344}.Debug|Any CPU.ActiveCfg = Debug|Any CPU
		{307C9362-7746-4270-A65E-13853FA40344}.Debug|Any CPU.Build.0 = Debug|Any CPU
		{307C9362-7746-4270-A65E-13853FA40344}.Release|Any CPU.ActiveCfg = Release|Any CPU
		{307C9362-7746-4270-A65E-13853FA40344}.Release|Any CPU.Build.0 = Release|Any CPU
		{A9C0E511-5C8E-4C69-92D8-D756211CA037}.Debug|Any CPU.ActiveCfg = Debug|Any CPU
		{A9C0E511-5C8E-4C69-92D8-D756211CA037}.Debug|Any CPU.Build.0 = Debug|Any CPU
		{A9C0E511-5C8E-4C69-92D8-D756211CA037}.Release|Any CPU.ActiveCfg = Release|Any CPU
		{A9C0E511-5C8E-4C69-92D8-D756211CA037}.Release|Any CPU.Build.0 = Release|Any CPU
		{A56C7125-9EF2-49BF-B2AB-6181A467DDEA}.Debug|Any CPU.ActiveCfg = Debug|Any CPU
		{A56C7125-9EF2-49BF-B2AB-6181A467DDEA}.Debug|Any CPU.Build.0 = Debug|Any CPU
		{A56C7125-9EF2-49BF-B2AB-6181A467DDEA}.Release|Any CPU.ActiveCfg = Release|Any CPU
		{A56C7125-9EF2-49BF-B2AB-6181A467DDEA}.Release|Any CPU.Build.0 = Release|Any CPU
		{E24A0F0E-EE67-4D9F-A1F5-0B390127CBBE}.Debug|Any CPU.ActiveCfg = Debug|Any CPU
		{E24A0F0E-EE67-4D9F-A1F5-0B390127CBBE}.Debug|Any CPU.Build.0 = Debug|Any CPU
		{E24A0F0E-EE67-4D9F-A1F5-0B390127CBBE}.Release|Any CPU.ActiveCfg = Release|Any CPU
		{E24A0F0E-EE67-4D9F-A1F5-0B390127CBBE}.Release|Any CPU.Build.0 = Release|Any CPU
		{C6B55D85-5FF3-4549-B8AA-1DF48A2E3038}.Debug|Any CPU.ActiveCfg = Debug|Any CPU
		{C6B55D85-5FF3-4549-B8AA-1DF48A2E3038}.Debug|Any CPU.Build.0 = Debug|Any CPU
		{C6B55D85-5FF3-4549-B8AA-1DF48A2E3038}.Release|Any CPU.ActiveCfg = Release|Any CPU
		{C6B55D85-5FF3-4549-B8AA-1DF48A2E3038}.Release|Any CPU.Build.0 = Release|Any CPU
		{BD58AFF1-3B1C-42BE-A794-B924975C1BD4}.Debug|Any CPU.ActiveCfg = Debug|Any CPU
		{BD58AFF1-3B1C-42BE-A794-B924975C1BD4}.Debug|Any CPU.Build.0 = Debug|Any CPU
		{BD58AFF1-3B1C-42BE-A794-B924975C1BD4}.Release|Any CPU.ActiveCfg = Release|Any CPU
		{BD58AFF1-3B1C-42BE-A794-B924975C1BD4}.Release|Any CPU.Build.0 = Release|Any CPU
		{3B1CBE2D-29FC-49C1-8F28-37822A293669}.Debug|Any CPU.ActiveCfg = Debug|Any CPU
		{3B1CBE2D-29FC-49C1-8F28-37822A293669}.Debug|Any CPU.Build.0 = Debug|Any CPU
		{3B1CBE2D-29FC-49C1-8F28-37822A293669}.Release|Any CPU.ActiveCfg = Release|Any CPU
		{3B1CBE2D-29FC-49C1-8F28-37822A293669}.Release|Any CPU.Build.0 = Release|Any CPU
		{6A3245FD-FA83-45A2-89FC-AB3D354FA9AF}.Debug|Any CPU.ActiveCfg = Debug|Any CPU
		{6A3245FD-FA83-45A2-89FC-AB3D354FA9AF}.Debug|Any CPU.Build.0 = Debug|Any CPU
		{6A3245FD-FA83-45A2-89FC-AB3D354FA9AF}.Release|Any CPU.ActiveCfg = Release|Any CPU
		{6A3245FD-FA83-45A2-89FC-AB3D354FA9AF}.Release|Any CPU.Build.0 = Release|Any CPU
		{58860145-2FF1-4E80-BF68-37207D909EEC}.Debug|Any CPU.ActiveCfg = Debug|Any CPU
		{58860145-2FF1-4E80-BF68-37207D909EEC}.Debug|Any CPU.Build.0 = Debug|Any CPU
		{58860145-2FF1-4E80-BF68-37207D909EEC}.Release|Any CPU.ActiveCfg = Release|Any CPU
		{58860145-2FF1-4E80-BF68-37207D909EEC}.Release|Any CPU.Build.0 = Release|Any CPU
		{8D2250CA-3962-487E-AB89-E130177D0E26}.Debug|Any CPU.ActiveCfg = Debug|Any CPU
		{8D2250CA-3962-487E-AB89-E130177D0E26}.Debug|Any CPU.Build.0 = Debug|Any CPU
		{8D2250CA-3962-487E-AB89-E130177D0E26}.Release|Any CPU.ActiveCfg = Release|Any CPU
		{8D2250CA-3962-487E-AB89-E130177D0E26}.Release|Any CPU.Build.0 = Release|Any CPU
	EndGlobalSection
	GlobalSection(SolutionProperties) = preSolution
		HideSolutionNode = FALSE
	EndGlobalSection
	GlobalSection(NestedProjects) = preSolution
		{EFBDD0B4-49A6-4515-A64D-568F4139741F} = {B5351A3A-7762-4C7E-B1E6-BB9F495212D0}
		{7A09C1E1-504B-420D-B9A1-28145B9ED52C} = {4832C79A-D322-4927-A79B-DF3B61B32A8D}
		{9AED9A63-C743-4DB5-B9B5-D4D29E855D32} = {EFBDD0B4-49A6-4515-A64D-568F4139741F}
		{35BF926F-B60B-4F13-B982-F98063017EFD} = {EFBDD0B4-49A6-4515-A64D-568F4139741F}
		{3F4E33DD-DABD-4572-AF2C-9F8D736A4140} = {EFBDD0B4-49A6-4515-A64D-568F4139741F}
		{1261937C-65A8-4FEC-8B2D-24E3DF3EB57E} = {EFBDD0B4-49A6-4515-A64D-568F4139741F}
		{08BF813B-B18E-4552-9720-DB65CE7DCC29} = {9C6E0044-B8E3-4311-A7A1-0F5F96A26F75}
		{80F80187-532E-47FB-A2E7-D46A08376ED3} = {9C6E0044-B8E3-4311-A7A1-0F5F96A26F75}
		{85FCEE69-8475-487A-B311-B352F1DE107C} = {9C6E0044-B8E3-4311-A7A1-0F5F96A26F75}
		{EF1F7F80-202B-4094-A951-C91038994697} = {9C6E0044-B8E3-4311-A7A1-0F5F96A26F75}
		{0746C0A7-194B-4553-A43E-815E12ECB05D} = {EFBDD0B4-49A6-4515-A64D-568F4139741F}
		{43598547-5FD5-4C29-B0C2-6E418B022B69} = {B5351A3A-7762-4C7E-B1E6-BB9F495212D0}
		{423E65EF-BD12-4156-A7E1-8F6DD0207F54} = {43598547-5FD5-4C29-B0C2-6E418B022B69}
		{A3043660-C786-494F-971D-99F42A7D1770} = {43598547-5FD5-4C29-B0C2-6E418B022B69}
		{566F2E62-7A97-4FF4-9622-218737FEBFA0} = {43598547-5FD5-4C29-B0C2-6E418B022B69}
		{5E005D35-975A-467E-98F4-ADD917944471} = {423E65EF-BD12-4156-A7E1-8F6DD0207F54}
		{370B9421-2039-4A67-86ED-7F8FCE71D4C0} = {A3043660-C786-494F-971D-99F42A7D1770}
		{307C9362-7746-4270-A65E-13853FA40344} = {A3043660-C786-494F-971D-99F42A7D1770}
		{A9C0E511-5C8E-4C69-92D8-D756211CA037} = {A3043660-C786-494F-971D-99F42A7D1770}
		{A56C7125-9EF2-49BF-B2AB-6181A467DDEA} = {A3043660-C786-494F-971D-99F42A7D1770}
		{E24A0F0E-EE67-4D9F-A1F5-0B390127CBBE} = {A3043660-C786-494F-971D-99F42A7D1770}
		{C6B55D85-5FF3-4549-B8AA-1DF48A2E3038} = {566F2E62-7A97-4FF4-9622-218737FEBFA0}
		{B4D6A6CD-1052-4326-A2DA-7102959C0160} = {B5351A3A-7762-4C7E-B1E6-BB9F495212D0}
		{BD58AFF1-3B1C-42BE-A794-B924975C1BD4} = {B4D6A6CD-1052-4326-A2DA-7102959C0160}
		{3B1CBE2D-29FC-49C1-8F28-37822A293669} = {B4D6A6CD-1052-4326-A2DA-7102959C0160}
		{6A3245FD-FA83-45A2-89FC-AB3D354FA9AF} = {B4D6A6CD-1052-4326-A2DA-7102959C0160}
		{58860145-2FF1-4E80-BF68-37207D909EEC} = {B4D6A6CD-1052-4326-A2DA-7102959C0160}
		{8D2250CA-3962-487E-AB89-E130177D0E26} = {B4D6A6CD-1052-4326-A2DA-7102959C0160}
	EndGlobalSection
EndGlobal
